// !$*UTF8*$!
{
	archiveVersion = 1;
	classes = {
	};
	objectVersion = 50;
	objects = {

/* Begin PBXBuildFile section */
		0964622422F02485002C7569 /* PointInstrument.m in Sources */ = {isa = PBXBuildFile; fileRef = 0964622322F02485002C7569 /* PointInstrument.m */; };
		0964622622F02495002C7569 /* LineInstrument.m in Sources */ = {isa = PBXBuildFile; fileRef = 0964622522F02495002C7569 /* LineInstrument.m */; };
		0964622822F024A7002C7569 /* EllipseInstrument.m in Sources */ = {isa = PBXBuildFile; fileRef = 0964622722F024A7002C7569 /* EllipseInstrument.m */; };
		0964622A22F024B3002C7569 /* SquareInstrument.m in Sources */ = {isa = PBXBuildFile; fileRef = 0964622922F024B3002C7569 /* SquareInstrument.m */; };
		0964622C22F024C0002C7569 /* StarInstrument.m in Sources */ = {isa = PBXBuildFile; fileRef = 0964622B22F024C0002C7569 /* StarInstrument.m */; };
		0964622E22F034B0002C7569 /* Instrument.m in Sources */ = {isa = PBXBuildFile; fileRef = 0964622D22F034B0002C7569 /* Instrument.m */; };
		0964623522F06A95002C7569 /* Figure.m in Sources */ = {isa = PBXBuildFile; fileRef = 0964623422F06A95002C7569 /* Figure.m */; };
		096FABDD22F3072D00F2A3EC /* DrawManager.m in Sources */ = {isa = PBXBuildFile; fileRef = 096FABDC22F3072D00F2A3EC /* DrawManager.m */; };
		09A37E4322E882660075C43B /* AppDelegate.m in Sources */ = {isa = PBXBuildFile; fileRef = 09A37E4222E882660075C43B /* AppDelegate.m */; };
		09A37E4622E882660075C43B /* ViewController.m in Sources */ = {isa = PBXBuildFile; fileRef = 09A37E4522E882660075C43B /* ViewController.m */; };
		09A37E4922E882660075C43B /* Main.storyboard in Resources */ = {isa = PBXBuildFile; fileRef = 09A37E4722E882660075C43B /* Main.storyboard */; };
		09A37E4C22E882660075C43B /* Paint.xcdatamodeld in Sources */ = {isa = PBXBuildFile; fileRef = 09A37E4A22E882660075C43B /* Paint.xcdatamodeld */; };
		09A37E4E22E882670075C43B /* Assets.xcassets in Resources */ = {isa = PBXBuildFile; fileRef = 09A37E4D22E882670075C43B /* Assets.xcassets */; };
		09A37E5122E882670075C43B /* LaunchScreen.storyboard in Resources */ = {isa = PBXBuildFile; fileRef = 09A37E4F22E882670075C43B /* LaunchScreen.storyboard */; };
		09A37E5422E882670075C43B /* main.m in Sources */ = {isa = PBXBuildFile; fileRef = 09A37E5322E882670075C43B /* main.m */; };
		09A37E5C22E887250075C43B /* CustomView.m in Sources */ = {isa = PBXBuildFile; fileRef = 09A37E5B22E887250075C43B /* CustomView.m */; };
/* End PBXBuildFile section */

/* Begin PBXFileReference section */
		0964622322F02485002C7569 /* PointInstrument.m */ = {isa = PBXFileReference; lastKnownFileType = sourcecode.c.objc; path = PointInstrument.m; sourceTree = "<group>"; };
		0964622522F02495002C7569 /* LineInstrument.m */ = {isa = PBXFileReference; lastKnownFileType = sourcecode.c.objc; path = LineInstrument.m; sourceTree = "<group>"; };
		0964622722F024A7002C7569 /* EllipseInstrument.m */ = {isa = PBXFileReference; lastKnownFileType = sourcecode.c.objc; path = EllipseInstrument.m; sourceTree = "<group>"; };
		0964622922F024B3002C7569 /* SquareInstrument.m */ = {isa = PBXFileReference; lastKnownFileType = sourcecode.c.objc; path = SquareInstrument.m; sourceTree = "<group>"; };
		0964622B22F024C0002C7569 /* StarInstrument.m */ = {isa = PBXFileReference; lastKnownFileType = sourcecode.c.objc; path = StarInstrument.m; sourceTree = "<group>"; };
		0964622D22F034B0002C7569 /* Instrument.m */ = {isa = PBXFileReference; lastKnownFileType = sourcecode.c.objc; path = Instrument.m; sourceTree = "<group>"; };
		0964622F22F0353C002C7569 /* Instrument.h */ = {isa = PBXFileReference; lastKnownFileType = sourcecode.c.h; path = Instrument.h; sourceTree = "<group>"; };
		0964623322F069EF002C7569 /* Figure.h */ = {isa = PBXFileReference; lastKnownFileType = sourcecode.c.h; path = Figure.h; sourceTree = "<group>"; };
		0964623422F06A95002C7569 /* Figure.m */ = {isa = PBXFileReference; lastKnownFileType = sourcecode.c.objc; path = Figure.m; sourceTree = "<group>"; };
		096FABDB22F306A800F2A3EC /* DrawManager.h */ = {isa = PBXFileReference; lastKnownFileType = sourcecode.c.h; path = DrawManager.h; sourceTree = "<group>"; };
		096FABDC22F3072D00F2A3EC /* DrawManager.m */ = {isa = PBXFileReference; lastKnownFileType = sourcecode.c.objc; path = DrawManager.m; sourceTree = "<group>"; };
		09A37E3E22E882660075C43B /* Paint.app */ = {isa = PBXFileReference; explicitFileType = wrapper.application; includeInIndex = 0; path = Paint.app; sourceTree = BUILT_PRODUCTS_DIR; };
		09A37E4122E882660075C43B /* AppDelegate.h */ = {isa = PBXFileReference; lastKnownFileType = sourcecode.c.h; path = AppDelegate.h; sourceTree = "<group>"; };
		09A37E4222E882660075C43B /* AppDelegate.m */ = {isa = PBXFileReference; lastKnownFileType = sourcecode.c.objc; path = AppDelegate.m; sourceTree = "<group>"; };
		09A37E4422E882660075C43B /* ViewController.h */ = {isa = PBXFileReference; lastKnownFileType = sourcecode.c.h; path = ViewController.h; sourceTree = "<group>"; };
		09A37E4522E882660075C43B /* ViewController.m */ = {isa = PBXFileReference; lastKnownFileType = sourcecode.c.objc; path = ViewController.m; sourceTree = "<group>"; };
		09A37E4822E882660075C43B /* Base */ = {isa = PBXFileReference; lastKnownFileType = file.storyboard; name = Base; path = Base.lproj/Main.storyboard; sourceTree = "<group>"; };
		09A37E4B22E882660075C43B /* Paint.xcdatamodel */ = {isa = PBXFileReference; lastKnownFileType = wrapper.xcdatamodel; path = Paint.xcdatamodel; sourceTree = "<group>"; };
		09A37E4D22E882670075C43B /* Assets.xcassets */ = {isa = PBXFileReference; lastKnownFileType = folder.assetcatalog; path = Assets.xcassets; sourceTree = "<group>"; };
		09A37E5022E882670075C43B /* Base */ = {isa = PBXFileReference; lastKnownFileType = file.storyboard; name = Base; path = Base.lproj/LaunchScreen.storyboard; sourceTree = "<group>"; };
		09A37E5222E882670075C43B /* Info.plist */ = {isa = PBXFileReference; lastKnownFileType = text.plist.xml; path = Info.plist; sourceTree = "<group>"; };
		09A37E5322E882670075C43B /* main.m */ = {isa = PBXFileReference; lastKnownFileType = sourcecode.c.objc; path = main.m; sourceTree = "<group>"; };
		09A37E5A22E887250075C43B /* CustomView.h */ = {isa = PBXFileReference; lastKnownFileType = sourcecode.c.h; path = CustomView.h; sourceTree = "<group>"; };
		09A37E5B22E887250075C43B /* CustomView.m */ = {isa = PBXFileReference; lastKnownFileType = sourcecode.c.objc; path = CustomView.m; sourceTree = "<group>"; };
		09A37E6022E89D9A0075C43B /* InstrumentProtocol.h */ = {isa = PBXFileReference; lastKnownFileType = sourcecode.c.h; path = InstrumentProtocol.h; sourceTree = "<group>"; };
		09A37E6122E8A2460075C43B /* PointInstrument.h */ = {isa = PBXFileReference; lastKnownFileType = sourcecode.c.h; path = PointInstrument.h; sourceTree = "<group>"; };
		09A37E6422E9981C0075C43B /* LineInstrument.h */ = {isa = PBXFileReference; lastKnownFileType = sourcecode.c.h; path = LineInstrument.h; sourceTree = "<group>"; };
		09A37E6522E9A22A0075C43B /* EllipseInstrument.h */ = {isa = PBXFileReference; lastKnownFileType = sourcecode.c.h; path = EllipseInstrument.h; sourceTree = "<group>"; };
		09A37E6622E9AC4D0075C43B /* SquareInstrument.h */ = {isa = PBXFileReference; lastKnownFileType = sourcecode.c.h; path = SquareInstrument.h; sourceTree = "<group>"; };
		09A37E6722E9BC810075C43B /* StarInstrument.h */ = {isa = PBXFileReference; lastKnownFileType = sourcecode.c.h; path = StarInstrument.h; sourceTree = "<group>"; };
/* End PBXFileReference section */

/* Begin PBXFrameworksBuildPhase section */
		09A37E3B22E882660075C43B /* Frameworks */ = {
			isa = PBXFrameworksBuildPhase;
			buildActionMask = 2147483647;
			files = (
			);
			runOnlyForDeploymentPostprocessing = 0;
		};
/* End PBXFrameworksBuildPhase section */

/* Begin PBXGroup section */
		095F6C7522F1807E00256A02 /* Figure */ = {
			isa = PBXGroup;
			children = (
				0964623322F069EF002C7569 /* Figure.h */,
				0964623422F06A95002C7569 /* Figure.m */,
			);
			path = Figure;
			sourceTree = "<group>";
		};
		095F6C7622F180CA00256A02 /* AppDelegate */ = {
			isa = PBXGroup;
			children = (
				09A37E4122E882660075C43B /* AppDelegate.h */,
				09A37E4222E882660075C43B /* AppDelegate.m */,
			);
			path = AppDelegate;
			sourceTree = "<group>";
		};
		095F6C7722F180DF00256A02 /* ViewController */ = {
			isa = PBXGroup;
			children = (
				09A37E4522E882660075C43B /* ViewController.m */,
				09A37E4422E882660075C43B /* ViewController.h */,
			);
			path = ViewController;
			sourceTree = "<group>";
		};
		0972A33A22F4437A004650A4 /* DrawManager */ = {
			isa = PBXGroup;
			children = (
				096FABDB22F306A800F2A3EC /* DrawManager.h */,
				096FABDC22F3072D00F2A3EC /* DrawManager.m */,
			);
			path = DrawManager;
			sourceTree = "<group>";
		};
		09779DFA22EEF0670031553F /* CustomView */ = {
			isa = PBXGroup;
			children = (
				09A37E5B22E887250075C43B /* CustomView.m */,
				09A37E5A22E887250075C43B /* CustomView.h */,
			);
			path = CustomView;
			sourceTree = "<group>";
		};
		09A37E3522E882660075C43B = {
			isa = PBXGroup;
			children = (
				09A37E4022E882660075C43B /* Paint */,
				09A37E3F22E882660075C43B /* Products */,
			);
			sourceTree = "<group>";
		};
		09A37E3F22E882660075C43B /* Products */ = {
			isa = PBXGroup;
			children = (
				09A37E3E22E882660075C43B /* Paint.app */,
			);
			name = Products;
			sourceTree = "<group>";
		};
		09A37E4022E882660075C43B /* Paint */ = {
			isa = PBXGroup;
			children = (
				095F6C7722F180DF00256A02 /* ViewController */,
				09779DFA22EEF0670031553F /* CustomView */,
				09A37E5F22E89C8B0075C43B /* Instruments */,
				095F6C7522F1807E00256A02 /* Figure */,
				095F6C7622F180CA00256A02 /* AppDelegate */,
				09A37E4722E882660075C43B /* Main.storyboard */,
				09A37E4D22E882670075C43B /* Assets.xcassets */,
				09A37E4F22E882670075C43B /* LaunchScreen.storyboard */,
				09A37E5222E882670075C43B /* Info.plist */,
				09A37E5322E882670075C43B /* main.m */,
				09A37E4A22E882660075C43B /* Paint.xcdatamodeld */,
			);
			path = Paint;
			sourceTree = "<group>";
		};
		09A37E5F22E89C8B0075C43B /* Instruments */ = {
			isa = PBXGroup;
			children = (
				0972A33A22F4437A004650A4 /* DrawManager */,
				09A37E6022E89D9A0075C43B /* InstrumentProtocol.h */,
				0964622F22F0353C002C7569 /* Instrument.h */,
				0964622D22F034B0002C7569 /* Instrument.m */,
				09A37E6122E8A2460075C43B /* PointInstrument.h */,
				0964622322F02485002C7569 /* PointInstrument.m */,
				09A37E6422E9981C0075C43B /* LineInstrument.h */,
				0964622522F02495002C7569 /* LineInstrument.m */,
				09A37E6522E9A22A0075C43B /* EllipseInstrument.h */,
				0964622722F024A7002C7569 /* EllipseInstrument.m */,
				09A37E6622E9AC4D0075C43B /* SquareInstrument.h */,
				0964622922F024B3002C7569 /* SquareInstrument.m */,
				09A37E6722E9BC810075C43B /* StarInstrument.h */,
				0964622B22F024C0002C7569 /* StarInstrument.m */,
			);
			path = Instruments;
			sourceTree = "<group>";
		};
/* End PBXGroup section */

/* Begin PBXNativeTarget section */
		09A37E3D22E882660075C43B /* Paint */ = {
			isa = PBXNativeTarget;
			buildConfigurationList = 09A37E5722E882670075C43B /* Build configuration list for PBXNativeTarget "Paint" */;
			buildPhases = (
				09A37E3A22E882660075C43B /* Sources */,
				09A37E3B22E882660075C43B /* Frameworks */,
				09A37E3C22E882660075C43B /* Resources */,
			);
			buildRules = (
			);
			dependencies = (
			);
			name = Paint;
			productName = Paint;
			productReference = 09A37E3E22E882660075C43B /* Paint.app */;
			productType = "com.apple.product-type.application";
		};
/* End PBXNativeTarget section */

/* Begin PBXProject section */
		09A37E3622E882660075C43B /* Project object */ = {
			isa = PBXProject;
			attributes = {
				LastUpgradeCheck = 1010;
				ORGANIZATIONNAME = Ilya;
				TargetAttributes = {
					09A37E3D22E882660075C43B = {
						CreatedOnToolsVersion = 10.1;
					};
				};
			};
			buildConfigurationList = 09A37E3922E882660075C43B /* Build configuration list for PBXProject "Paint" */;
			compatibilityVersion = "Xcode 9.3";
			developmentRegion = en;
			hasScannedForEncodings = 0;
			knownRegions = (
				en,
				Base,
			);
			mainGroup = 09A37E3522E882660075C43B;
			productRefGroup = 09A37E3F22E882660075C43B /* Products */;
			projectDirPath = "";
			projectRoot = "";
			targets = (
				09A37E3D22E882660075C43B /* Paint */,
			);
		};
/* End PBXProject section */

/* Begin PBXResourcesBuildPhase section */
		09A37E3C22E882660075C43B /* Resources */ = {
			isa = PBXResourcesBuildPhase;
			buildActionMask = 2147483647;
			files = (
				09A37E5122E882670075C43B /* LaunchScreen.storyboard in Resources */,
				09A37E4E22E882670075C43B /* Assets.xcassets in Resources */,
				09A37E4922E882660075C43B /* Main.storyboard in Resources */,
			);
			runOnlyForDeploymentPostprocessing = 0;
		};
/* End PBXResourcesBuildPhase section */

/* Begin PBXSourcesBuildPhase section */
		09A37E3A22E882660075C43B /* Sources */ = {
			isa = PBXSourcesBuildPhase;
			buildActionMask = 2147483647;
			files = (
				096FABDD22F3072D00F2A3EC /* DrawManager.m in Sources */,
				0964622C22F024C0002C7569 /* StarInstrument.m in Sources */,
				09A37E5C22E887250075C43B /* CustomView.m in Sources */,
				09A37E4C22E882660075C43B /* Paint.xcdatamodeld in Sources */,
				09A37E4622E882660075C43B /* ViewController.m in Sources */,
				0964622E22F034B0002C7569 /* Instrument.m in Sources */,
				09A37E5422E882670075C43B /* main.m in Sources */,
				09A37E4322E882660075C43B /* AppDelegate.m in Sources */,
				0964622822F024A7002C7569 /* EllipseInstrument.m in Sources */,
				0964622A22F024B3002C7569 /* SquareInstrument.m in Sources */,
				0964623522F06A95002C7569 /* Figure.m in Sources */,
				0964622622F02495002C7569 /* LineInstrument.m in Sources */,
				0964622422F02485002C7569 /* PointInstrument.m in Sources */,
			);
			runOnlyForDeploymentPostprocessing = 0;
		};
/* End PBXSourcesBuildPhase section */

/* Begin PBXVariantGroup section */
		09A37E4722E882660075C43B /* Main.storyboard */ = {
			isa = PBXVariantGroup;
			children = (
				09A37E4822E882660075C43B /* Base */,
			);
			name = Main.storyboard;
			sourceTree = "<group>";
		};
		09A37E4F22E882670075C43B /* LaunchScreen.storyboard */ = {
			isa = PBXVariantGroup;
			children = (
				09A37E5022E882670075C43B /* Base */,
			);
			name = LaunchScreen.storyboard;
			sourceTree = "<group>";
		};
/* End PBXVariantGroup section */

/* Begin XCBuildConfiguration section */
		09A37E5522E882670075C43B /* Debug */ = {
			isa = XCBuildConfiguration;
			buildSettings = {
				ALWAYS_SEARCH_USER_PATHS = NO;
				CLANG_ANALYZER_NONNULL = YES;
				CLANG_ANALYZER_NUMBER_OBJECT_CONVERSION = YES_AGGRESSIVE;
				CLANG_CXX_LANGUAGE_STANDARD = "gnu++14";
				CLANG_CXX_LIBRARY = "libc++";
				CLANG_ENABLE_MODULES = YES;
				CLANG_ENABLE_OBJC_ARC = YES;
				CLANG_ENABLE_OBJC_WEAK = YES;
				CLANG_WARN_BLOCK_CAPTURE_AUTORELEASING = YES;
				CLANG_WARN_BOOL_CONVERSION = YES;
				CLANG_WARN_COMMA = YES;
				CLANG_WARN_CONSTANT_CONVERSION = YES;
				CLANG_WARN_DEPRECATED_OBJC_IMPLEMENTATIONS = YES;
				CLANG_WARN_DIRECT_OBJC_ISA_USAGE = YES_ERROR;
				CLANG_WARN_DOCUMENTATION_COMMENTS = YES;
				CLANG_WARN_EMPTY_BODY = YES;
				CLANG_WARN_ENUM_CONVERSION = YES;
				CLANG_WARN_INFINITE_RECURSION = YES;
				CLANG_WARN_INT_CONVERSION = YES;
				CLANG_WARN_NON_LITERAL_NULL_CONVERSION = YES;
				CLANG_WARN_OBJC_IMPLICIT_RETAIN_SELF = YES;
				CLANG_WARN_OBJC_LITERAL_CONVERSION = YES;
				CLANG_WARN_OBJC_ROOT_CLASS = YES_ERROR;
				CLANG_WARN_RANGE_LOOP_ANALYSIS = YES;
				CLANG_WARN_STRICT_PROTOTYPES = YES;
				CLANG_WARN_SUSPICIOUS_MOVE = YES;
				CLANG_WARN_UNGUARDED_AVAILABILITY = YES_AGGRESSIVE;
				CLANG_WARN_UNREACHABLE_CODE = YES;
				CLANG_WARN__DUPLICATE_METHOD_MATCH = YES;
				CODE_SIGN_IDENTITY = "iPhone Developer";
				COPY_PHASE_STRIP = NO;
				DEBUG_INFORMATION_FORMAT = dwarf;
				ENABLE_STRICT_OBJC_MSGSEND = YES;
				ENABLE_TESTABILITY = YES;
				GCC_C_LANGUAGE_STANDARD = gnu11;
				GCC_DYNAMIC_NO_PIC = NO;
				GCC_NO_COMMON_BLOCKS = YES;
				GCC_OPTIMIZATION_LEVEL = 0;
				GCC_PREPROCESSOR_DEFINITIONS = (
					"DEBUG=1",
					"$(inherited)",
				);
				GCC_WARN_64_TO_32_BIT_CONVERSION = YES;
				GCC_WARN_ABOUT_RETURN_TYPE = YES_ERROR;
				GCC_WARN_UNDECLARED_SELECTOR = YES;
				GCC_WARN_UNINITIALIZED_AUTOS = YES_AGGRESSIVE;
				GCC_WARN_UNUSED_FUNCTION = YES;
				GCC_WARN_UNUSED_VARIABLE = YES;
				IPHONEOS_DEPLOYMENT_TARGET = 12.1;
				MTL_ENABLE_DEBUG_INFO = INCLUDE_SOURCE;
				MTL_FAST_MATH = YES;
				ONLY_ACTIVE_ARCH = YES;
				SDKROOT = iphoneos;
			};
			name = Debug;
		};
		09A37E5622E882670075C43B /* Release */ = {
			isa = XCBuildConfiguration;
			buildSettings = {
				ALWAYS_SEARCH_USER_PATHS = NO;
				CLANG_ANALYZER_NONNULL = YES;
				CLANG_ANALYZER_NUMBER_OBJECT_CONVERSION = YES_AGGRESSIVE;
				CLANG_CXX_LANGUAGE_STANDARD = "gnu++14";
				CLANG_CXX_LIBRARY = "libc++";
				CLANG_ENABLE_MODULES = YES;
				CLANG_ENABLE_OBJC_ARC = YES;
				CLANG_ENABLE_OBJC_WEAK = YES;
				CLANG_WARN_BLOCK_CAPTURE_AUTORELEASING = YES;
				CLANG_WARN_BOOL_CONVERSION = YES;
				CLANG_WARN_COMMA = YES;
				CLANG_WARN_CONSTANT_CONVERSION = YES;
				CLANG_WARN_DEPRECATED_OBJC_IMPLEMENTATIONS = YES;
				CLANG_WARN_DIRECT_OBJC_ISA_USAGE = YES_ERROR;
				CLANG_WARN_DOCUMENTATION_COMMENTS = YES;
				CLANG_WARN_EMPTY_BODY = YES;
				CLANG_WARN_ENUM_CONVERSION = YES;
				CLANG_WARN_INFINITE_RECURSION = YES;
				CLANG_WARN_INT_CONVERSION = YES;
				CLANG_WARN_NON_LITERAL_NULL_CONVERSION = YES;
				CLANG_WARN_OBJC_IMPLICIT_RETAIN_SELF = YES;
				CLANG_WARN_OBJC_LITERAL_CONVERSION = YES;
				CLANG_WARN_OBJC_ROOT_CLASS = YES_ERROR;
				CLANG_WARN_RANGE_LOOP_ANALYSIS = YES;
				CLANG_WARN_STRICT_PROTOTYPES = YES;
				CLANG_WARN_SUSPICIOUS_MOVE = YES;
				CLANG_WARN_UNGUARDED_AVAILABILITY = YES_AGGRESSIVE;
				CLANG_WARN_UNREACHABLE_CODE = YES;
				CLANG_WARN__DUPLICATE_METHOD_MATCH = YES;
				CODE_SIGN_IDENTITY = "iPhone Developer";
				COPY_PHASE_STRIP = NO;
				DEBUG_INFORMATION_FORMAT = "dwarf-with-dsym";
				ENABLE_NS_ASSERTIONS = NO;
				ENABLE_STRICT_OBJC_MSGSEND = YES;
				GCC_C_LANGUAGE_STANDARD = gnu11;
				GCC_NO_COMMON_BLOCKS = YES;
				GCC_WARN_64_TO_32_BIT_CONVERSION = YES;
				GCC_WARN_ABOUT_RETURN_TYPE = YES_ERROR;
				GCC_WARN_UNDECLARED_SELECTOR = YES;
				GCC_WARN_UNINITIALIZED_AUTOS = YES_AGGRESSIVE;
				GCC_WARN_UNUSED_FUNCTION = YES;
				GCC_WARN_UNUSED_VARIABLE = YES;
				IPHONEOS_DEPLOYMENT_TARGET = 12.1;
				MTL_ENABLE_DEBUG_INFO = NO;
				MTL_FAST_MATH = YES;
				SDKROOT = iphoneos;
				VALIDATE_PRODUCT = YES;
			};
			name = Release;
		};
		09A37E5822E882670075C43B /* Debug */ = {
			isa = XCBuildConfiguration;
			buildSettings = {
				ASSETCATALOG_COMPILER_APPICON_NAME = AppIcon;
				CODE_SIGN_IDENTITY = "iPhone Developer";
				CODE_SIGN_STYLE = Automatic;
				DEVELOPMENT_TEAM = "";
				INFOPLIST_FILE = Paint/Info.plist;
				LD_RUNPATH_SEARCH_PATHS = (
					"$(inherited)",
					"@executable_path/Frameworks",
				);
				PRODUCT_BUNDLE_IDENTIFIER = none.Paint;
				PRODUCT_NAME = "$(TARGET_NAME)";
				PROVISIONING_PROFILE_SPECIFIER = "";
				TARGETED_DEVICE_FAMILY = "1,2";
			};
			name = Debug;
		};
		09A37E5922E882670075C43B /* Release */ = {
			isa = XCBuildConfiguration;
			buildSettings = {
				ASSETCATALOG_COMPILER_APPICON_NAME = AppIcon;
				CODE_SIGN_IDENTITY = "iPhone Developer";
				CODE_SIGN_STYLE = Automatic;
				DEVELOPMENT_TEAM = "";
				INFOPLIST_FILE = Paint/Info.plist;
				LD_RUNPATH_SEARCH_PATHS = (
					"$(inherited)",
					"@executable_path/Frameworks",
				);
				PRODUCT_BUNDLE_IDENTIFIER = none.Paint;
				PRODUCT_NAME = "$(TARGET_NAME)";
				PROVISIONING_PROFILE_SPECIFIER = "";
				TARGETED_DEVICE_FAMILY = "1,2";
			};
			name = Release;
		};
/* End XCBuildConfiguration section */

/* Begin XCConfigurationList section */
		09A37E3922E882660075C43B /* Build configuration list for PBXProject "Paint" */ = {
			isa = XCConfigurationList;
			buildConfigurations = (
				09A37E5522E882670075C43B /* Debug */,
				09A37E5622E882670075C43B /* Release */,
			);
			defaultConfigurationIsVisible = 0;
			defaultConfigurationName = Release;
		};
		09A37E5722E882670075C43B /* Build configuration list for PBXNativeTarget "Paint" */ = {
			isa = XCConfigurationList;
			buildConfigurations = (
				09A37E5822E882670075C43B /* Debug */,
				09A37E5922E882670075C43B /* Release */,
			);
			defaultConfigurationIsVisible = 0;
			defaultConfigurationName = Release;
		};
/* End XCConfigurationList section */

/* Begin XCVersionGroup section */
		09A37E4A22E882660075C43B /* Paint.xcdatamodeld */ = {
			isa = XCVersionGroup;
			children = (
				09A37E4B22E882660075C43B /* Paint.xcdatamodel */,
			);
			currentVersion = 09A37E4B22E882660075C43B /* Paint.xcdatamodel */;
			path = Paint.xcdatamodeld;
			sourceTree = "<group>";
			versionGroupType = wrapper.xcdatamodel;
		};
/* End XCVersionGroup section */
	};
	rootObject = 09A37E3622E882660075C43B /* Project object */;
}
